// !$*UTF8*$!
{
	archiveVersion = 1;
	classes = {
	};
	objectVersion = 56;
	objects = {

/* Begin PBXBuildFile section */
		8BAE83FF2C3BBAD400732935 /* OttViewerApp.swift in Sources */ = {isa = PBXBuildFile; fileRef = 8BAE83FE2C3BBAD400732935 /* OttViewerApp.swift */; };
		8BAE84012C3BBAD400732935 /* ContentView.swift in Sources */ = {isa = PBXBuildFile; fileRef = 8BAE84002C3BBAD400732935 /* ContentView.swift */; };
		8BAE84032C3BBAD600732935 /* Assets.xcassets in Resources */ = {isa = PBXBuildFile; fileRef = 8BAE84022C3BBAD600732935 /* Assets.xcassets */; };
		8BAE84062C3BBAD600732935 /* Preview Assets.xcassets in Resources */ = {isa = PBXBuildFile; fileRef = 8BAE84052C3BBAD600732935 /* Preview Assets.xcassets */; };
		8BAE84102C3BBAD600732935 /* OttViewerTests.swift in Sources */ = {isa = PBXBuildFile; fileRef = 8BAE840F2C3BBAD600732935 /* OttViewerTests.swift */; };
		8BAE841A2C3BBAD600732935 /* OttViewerUITests.swift in Sources */ = {isa = PBXBuildFile; fileRef = 8BAE84192C3BBAD600732935 /* OttViewerUITests.swift */; };
		8BAE841C2C3BBAD600732935 /* OttViewerUITestsLaunchTests.swift in Sources */ = {isa = PBXBuildFile; fileRef = 8BAE841B2C3BBAD600732935 /* OttViewerUITestsLaunchTests.swift */; };
		8BAE84292C3BBB2500732935 /* ContentsProtocol.swift in Sources */ = {isa = PBXBuildFile; fileRef = 8BAE84282C3BBB2500732935 /* ContentsProtocol.swift */; };
		8BAE842C2C3BBB7400732935 /* ContentsListView.swift in Sources */ = {isa = PBXBuildFile; fileRef = 8BAE842B2C3BBB7400732935 /* ContentsListView.swift */; };
		8BAE842E2C3BBB9800732935 /* ContentsDetailView.swift in Sources */ = {isa = PBXBuildFile; fileRef = 8BAE842D2C3BBB9800732935 /* ContentsDetailView.swift */; };
		8BAE84312C3BBC7700732935 /* ContentInfo.swift in Sources */ = {isa = PBXBuildFile; fileRef = 8BAE84302C3BBC7700732935 /* ContentInfo.swift */; };
/* End PBXBuildFile section */

/* Begin PBXContainerItemProxy section */
		8BAE840C2C3BBAD600732935 /* PBXContainerItemProxy */ = {
			isa = PBXContainerItemProxy;
			containerPortal = 8BAE83F32C3BBAD400732935 /* Project object */;
			proxyType = 1;
			remoteGlobalIDString = 8BAE83FA2C3BBAD400732935;
			remoteInfo = OttViewer;
		};
		8BAE84162C3BBAD600732935 /* PBXContainerItemProxy */ = {
			isa = PBXContainerItemProxy;
			containerPortal = 8BAE83F32C3BBAD400732935 /* Project object */;
			proxyType = 1;
			remoteGlobalIDString = 8BAE83FA2C3BBAD400732935;
			remoteInfo = OttViewer;
		};
/* End PBXContainerItemProxy section */

/* Begin PBXFileReference section */
		8BAE83FB2C3BBAD400732935 /* OttViewer.app */ = {isa = PBXFileReference; explicitFileType = wrapper.application; includeInIndex = 0; path = OttViewer.app; sourceTree = BUILT_PRODUCTS_DIR; };
		8BAE83FE2C3BBAD400732935 /* OttViewerApp.swift */ = {isa = PBXFileReference; lastKnownFileType = sourcecode.swift; path = OttViewerApp.swift; sourceTree = "<group>"; };
		8BAE84002C3BBAD400732935 /* ContentView.swift */ = {isa = PBXFileReference; lastKnownFileType = sourcecode.swift; path = ContentView.swift; sourceTree = "<group>"; };
		8BAE84022C3BBAD600732935 /* Assets.xcassets */ = {isa = PBXFileReference; lastKnownFileType = folder.assetcatalog; path = Assets.xcassets; sourceTree = "<group>"; };
		8BAE84052C3BBAD600732935 /* Preview Assets.xcassets */ = {isa = PBXFileReference; lastKnownFileType = folder.assetcatalog; path = "Preview Assets.xcassets"; sourceTree = "<group>"; };
		8BAE840B2C3BBAD600732935 /* OttViewerTests.xctest */ = {isa = PBXFileReference; explicitFileType = wrapper.cfbundle; includeInIndex = 0; path = OttViewerTests.xctest; sourceTree = BUILT_PRODUCTS_DIR; };
		8BAE840F2C3BBAD600732935 /* OttViewerTests.swift */ = {isa = PBXFileReference; lastKnownFileType = sourcecode.swift; path = OttViewerTests.swift; sourceTree = "<group>"; };
		8BAE84152C3BBAD600732935 /* OttViewerUITests.xctest */ = {isa = PBXFileReference; explicitFileType = wrapper.cfbundle; includeInIndex = 0; path = OttViewerUITests.xctest; sourceTree = BUILT_PRODUCTS_DIR; };
		8BAE84192C3BBAD600732935 /* OttViewerUITests.swift */ = {isa = PBXFileReference; lastKnownFileType = sourcecode.swift; path = OttViewerUITests.swift; sourceTree = "<group>"; };
		8BAE841B2C3BBAD600732935 /* OttViewerUITestsLaunchTests.swift */ = {isa = PBXFileReference; lastKnownFileType = sourcecode.swift; path = OttViewerUITestsLaunchTests.swift; sourceTree = "<group>"; };
		8BAE84282C3BBB2500732935 /* ContentsProtocol.swift */ = {isa = PBXFileReference; lastKnownFileType = sourcecode.swift; path = ContentsProtocol.swift; sourceTree = "<group>"; };
		8BAE842B2C3BBB7400732935 /* ContentsListView.swift */ = {isa = PBXFileReference; lastKnownFileType = sourcecode.swift; path = ContentsListView.swift; sourceTree = "<group>"; };
		8BAE842D2C3BBB9800732935 /* ContentsDetailView.swift */ = {isa = PBXFileReference; lastKnownFileType = sourcecode.swift; path = ContentsDetailView.swift; sourceTree = "<group>"; };
		8BAE84302C3BBC7700732935 /* ContentInfo.swift */ = {isa = PBXFileReference; lastKnownFileType = sourcecode.swift; path = ContentInfo.swift; sourceTree = "<group>"; };
/* End PBXFileReference section */

/* Begin PBXFrameworksBuildPhase section */
		8BAE83F82C3BBAD400732935 /* Frameworks */ = {
			isa = PBXFrameworksBuildPhase;
			buildActionMask = 2147483647;
			files = (
			);
			runOnlyForDeploymentPostprocessing = 0;
		};
		8BAE84082C3BBAD600732935 /* Frameworks */ = {
			isa = PBXFrameworksBuildPhase;
			buildActionMask = 2147483647;
			files = (
			);
			runOnlyForDeploymentPostprocessing = 0;
		};
		8BAE84122C3BBAD600732935 /* Frameworks */ = {
			isa = PBXFrameworksBuildPhase;
			buildActionMask = 2147483647;
			files = (
			);
			runOnlyForDeploymentPostprocessing = 0;
		};
/* End PBXFrameworksBuildPhase section */

/* Begin PBXGroup section */
		8BAE83F22C3BBAD400732935 = {
			isa = PBXGroup;
			children = (
				8BAE83FD2C3BBAD400732935 /* OttViewer */,
				8BAE840E2C3BBAD600732935 /* OttViewerTests */,
				8BAE84182C3BBAD600732935 /* OttViewerUITests */,
				8BAE83FC2C3BBAD400732935 /* Products */,
			);
			sourceTree = "<group>";
		};
		8BAE83FC2C3BBAD400732935 /* Products */ = {
			isa = PBXGroup;
			children = (
				8BAE83FB2C3BBAD400732935 /* OttViewer.app */,
				8BAE840B2C3BBAD600732935 /* OttViewerTests.xctest */,
				8BAE84152C3BBAD600732935 /* OttViewerUITests.xctest */,
			);
			name = Products;
			sourceTree = "<group>";
		};
		8BAE83FD2C3BBAD400732935 /* OttViewer */ = {
			isa = PBXGroup;
			children = (
				8BAE83FE2C3BBAD400732935 /* OttViewerApp.swift */,
				8BAE842A2C3BBB4200732935 /* View */,
				8BAE842F2C3BBC5800732935 /* Model */,
				8BAE84022C3BBAD600732935 /* Assets.xcassets */,
				8BAE84042C3BBAD600732935 /* Preview Content */,
			);
			path = OttViewer;
			sourceTree = "<group>";
		};
		8BAE84042C3BBAD600732935 /* Preview Content */ = {
			isa = PBXGroup;
			children = (
				8BAE84052C3BBAD600732935 /* Preview Assets.xcassets */,
			);
			path = "Preview Content";
			sourceTree = "<group>";
		};
		8BAE840E2C3BBAD600732935 /* OttViewerTests */ = {
			isa = PBXGroup;
			children = (
				8BAE840F2C3BBAD600732935 /* OttViewerTests.swift */,
			);
			path = OttViewerTests;
			sourceTree = "<group>";
		};
		8BAE84182C3BBAD600732935 /* OttViewerUITests */ = {
			isa = PBXGroup;
			children = (
				8BAE84192C3BBAD600732935 /* OttViewerUITests.swift */,
				8BAE841B2C3BBAD600732935 /* OttViewerUITestsLaunchTests.swift */,
			);
			path = OttViewerUITests;
			sourceTree = "<group>";
		};
		8BAE842A2C3BBB4200732935 /* View */ = {
			isa = PBXGroup;
			children = (
				8BAE84002C3BBAD400732935 /* ContentView.swift */,
				8BAE842B2C3BBB7400732935 /* ContentsListView.swift */,
				8BAE842D2C3BBB9800732935 /* ContentsDetailView.swift */,
			);
			path = View;
			sourceTree = "<group>";
		};
		8BAE842F2C3BBC5800732935 /* Model */ = {
			isa = PBXGroup;
			children = (
				8BAE84282C3BBB2500732935 /* ContentsProtocol.swift */,
				8BAE84302C3BBC7700732935 /* ContentInfo.swift */,
			);
			path = Model;
			sourceTree = "<group>";
		};
/* End PBXGroup section */

/* Begin PBXNativeTarget section */
		8BAE83FA2C3BBAD400732935 /* OttViewer */ = {
			isa = PBXNativeTarget;
			buildConfigurationList = 8BAE841F2C3BBAD600732935 /* Build configuration list for PBXNativeTarget "OttViewer" */;
			buildPhases = (
				8BAE83F72C3BBAD400732935 /* Sources */,
				8BAE83F82C3BBAD400732935 /* Frameworks */,
				8BAE83F92C3BBAD400732935 /* Resources */,
			);
			buildRules = (
			);
			dependencies = (
			);
			name = OttViewer;
			productName = OttViewer;
			productReference = 8BAE83FB2C3BBAD400732935 /* OttViewer.app */;
			productType = "com.apple.product-type.application";
		};
		8BAE840A2C3BBAD600732935 /* OttViewerTests */ = {
			isa = PBXNativeTarget;
			buildConfigurationList = 8BAE84222C3BBAD600732935 /* Build configuration list for PBXNativeTarget "OttViewerTests" */;
			buildPhases = (
				8BAE84072C3BBAD600732935 /* Sources */,
				8BAE84082C3BBAD600732935 /* Frameworks */,
				8BAE84092C3BBAD600732935 /* Resources */,
			);
			buildRules = (
			);
			dependencies = (
				8BAE840D2C3BBAD600732935 /* PBXTargetDependency */,
			);
			name = OttViewerTests;
			productName = OttViewerTests;
			productReference = 8BAE840B2C3BBAD600732935 /* OttViewerTests.xctest */;
			productType = "com.apple.product-type.bundle.unit-test";
		};
		8BAE84142C3BBAD600732935 /* OttViewerUITests */ = {
			isa = PBXNativeTarget;
			buildConfigurationList = 8BAE84252C3BBAD600732935 /* Build configuration list for PBXNativeTarget "OttViewerUITests" */;
			buildPhases = (
				8BAE84112C3BBAD600732935 /* Sources */,
				8BAE84122C3BBAD600732935 /* Frameworks */,
				8BAE84132C3BBAD600732935 /* Resources */,
			);
			buildRules = (
			);
			dependencies = (
				8BAE84172C3BBAD600732935 /* PBXTargetDependency */,
			);
			name = OttViewerUITests;
			productName = OttViewerUITests;
			productReference = 8BAE84152C3BBAD600732935 /* OttViewerUITests.xctest */;
			productType = "com.apple.product-type.bundle.ui-testing";
		};
/* End PBXNativeTarget section */

/* Begin PBXProject section */
		8BAE83F32C3BBAD400732935 /* Project object */ = {
			isa = PBXProject;
			attributes = {
				BuildIndependentTargetsInParallel = 1;
				LastSwiftUpdateCheck = 1520;
				LastUpgradeCheck = 1520;
				TargetAttributes = {
					8BAE83FA2C3BBAD400732935 = {
						CreatedOnToolsVersion = 15.2;
					};
					8BAE840A2C3BBAD600732935 = {
						CreatedOnToolsVersion = 15.2;
						TestTargetID = 8BAE83FA2C3BBAD400732935;
					};
					8BAE84142C3BBAD600732935 = {
						CreatedOnToolsVersion = 15.2;
						TestTargetID = 8BAE83FA2C3BBAD400732935;
					};
				};
			};
			buildConfigurationList = 8BAE83F62C3BBAD400732935 /* Build configuration list for PBXProject "OttViewer" */;
			compatibilityVersion = "Xcode 14.0";
			developmentRegion = en;
			hasScannedForEncodings = 0;
			knownRegions = (
				en,
				Base,
			);
			mainGroup = 8BAE83F22C3BBAD400732935;
			productRefGroup = 8BAE83FC2C3BBAD400732935 /* Products */;
			projectDirPath = "";
			projectRoot = "";
			targets = (
				8BAE83FA2C3BBAD400732935 /* OttViewer */,
				8BAE840A2C3BBAD600732935 /* OttViewerTests */,
				8BAE84142C3BBAD600732935 /* OttViewerUITests */,
			);
		};
/* End PBXProject section */

/* Begin PBXResourcesBuildPhase section */
		8BAE83F92C3BBAD400732935 /* Resources */ = {
			isa = PBXResourcesBuildPhase;
			buildActionMask = 2147483647;
			files = (
				8BAE84062C3BBAD600732935 /* Preview Assets.xcassets in Resources */,
				8BAE84032C3BBAD600732935 /* Assets.xcassets in Resources */,
			);
			runOnlyForDeploymentPostprocessing = 0;
		};
		8BAE84092C3BBAD600732935 /* Resources */ = {
			isa = PBXResourcesBuildPhase;
			buildActionMask = 2147483647;
			files = (
			);
			runOnlyForDeploymentPostprocessing = 0;
		};
		8BAE84132C3BBAD600732935 /* Resources */ = {
			isa = PBXResourcesBuildPhase;
			buildActionMask = 2147483647;
			files = (
			);
			runOnlyForDeploymentPostprocessing = 0;
		};
/* End PBXResourcesBuildPhase section */

/* Begin PBXSourcesBuildPhase section */
		8BAE83F72C3BBAD400732935 /* Sources */ = {
			isa = PBXSourcesBuildPhase;
			buildActionMask = 2147483647;
			files = (
				8BAE84012C3BBAD400732935 /* ContentView.swift in Sources */,
				8BAE842E2C3BBB9800732935 /* ContentsDetailView.swift in Sources */,
				8BAE84292C3BBB2500732935 /* ContentsProtocol.swift in Sources */,
				8BAE84312C3BBC7700732935 /* ContentInfo.swift in Sources */,
				8BAE842C2C3BBB7400732935 /* ContentsListView.swift in Sources */,
				8BAE83FF2C3BBAD400732935 /* OttViewerApp.swift in Sources */,
			);
			runOnlyForDeploymentPostprocessing = 0;
		};
		8BAE84072C3BBAD600732935 /* Sources */ = {
			isa = PBXSourcesBuildPhase;
			buildActionMask = 2147483647;
			files = (
				8BAE84102C3BBAD600732935 /* OttViewerTests.swift in Sources */,
			);
			runOnlyForDeploymentPostprocessing = 0;
		};
		8BAE84112C3BBAD600732935 /* Sources */ = {
			isa = PBXSourcesBuildPhase;
			buildActionMask = 2147483647;
			files = (
				8BAE841C2C3BBAD600732935 /* OttViewerUITestsLaunchTests.swift in Sources */,
				8BAE841A2C3BBAD600732935 /* OttViewerUITests.swift in Sources */,
			);
			runOnlyForDeploymentPostprocessing = 0;
		};
/* End PBXSourcesBuildPhase section */

/* Begin PBXTargetDependency section */
		8BAE840D2C3BBAD600732935 /* PBXTargetDependency */ = {
			isa = PBXTargetDependency;
			target = 8BAE83FA2C3BBAD400732935 /* OttViewer */;
			targetProxy = 8BAE840C2C3BBAD600732935 /* PBXContainerItemProxy */;
		};
		8BAE84172C3BBAD600732935 /* PBXTargetDependency */ = {
			isa = PBXTargetDependency;
			target = 8BAE83FA2C3BBAD400732935 /* OttViewer */;
			targetProxy = 8BAE84162C3BBAD600732935 /* PBXContainerItemProxy */;
		};
/* End PBXTargetDependency section */

/* Begin XCBuildConfiguration section */
		8BAE841D2C3BBAD600732935 /* Debug */ = {
			isa = XCBuildConfiguration;
			buildSettings = {
				ALWAYS_SEARCH_USER_PATHS = NO;
				ASSETCATALOG_COMPILER_GENERATE_SWIFT_ASSET_SYMBOL_EXTENSIONS = YES;
				CLANG_ANALYZER_NONNULL = YES;
				CLANG_ANALYZER_NUMBER_OBJECT_CONVERSION = YES_AGGRESSIVE;
				CLANG_CXX_LANGUAGE_STANDARD = "gnu++20";
				CLANG_ENABLE_MODULES = YES;
				CLANG_ENABLE_OBJC_ARC = YES;
				CLANG_ENABLE_OBJC_WEAK = YES;
				CLANG_WARN_BLOCK_CAPTURE_AUTORELEASING = YES;
				CLANG_WARN_BOOL_CONVERSION = YES;
				CLANG_WARN_COMMA = YES;
				CLANG_WARN_CONSTANT_CONVERSION = YES;
				CLANG_WARN_DEPRECATED_OBJC_IMPLEMENTATIONS = YES;
				CLANG_WARN_DIRECT_OBJC_ISA_USAGE = YES_ERROR;
				CLANG_WARN_DOCUMENTATION_COMMENTS = YES;
				CLANG_WARN_EMPTY_BODY = YES;
				CLANG_WARN_ENUM_CONVERSION = YES;
				CLANG_WARN_INFINITE_RECURSION = YES;
				CLANG_WARN_INT_CONVERSION = YES;
				CLANG_WARN_NON_LITERAL_NULL_CONVERSION = YES;
				CLANG_WARN_OBJC_IMPLICIT_RETAIN_SELF = YES;
				CLANG_WARN_OBJC_LITERAL_CONVERSION = YES;
				CLANG_WARN_OBJC_ROOT_CLASS = YES_ERROR;
				CLANG_WARN_QUOTED_INCLUDE_IN_FRAMEWORK_HEADER = YES;
				CLANG_WARN_RANGE_LOOP_ANALYSIS = YES;
				CLANG_WARN_STRICT_PROTOTYPES = YES;
				CLANG_WARN_SUSPICIOUS_MOVE = YES;
				CLANG_WARN_UNGUARDED_AVAILABILITY = YES_AGGRESSIVE;
				CLANG_WARN_UNREACHABLE_CODE = YES;
				CLANG_WARN__DUPLICATE_METHOD_MATCH = YES;
				COPY_PHASE_STRIP = NO;
				DEBUG_INFORMATION_FORMAT = dwarf;
				ENABLE_STRICT_OBJC_MSGSEND = YES;
				ENABLE_TESTABILITY = YES;
				ENABLE_USER_SCRIPT_SANDBOXING = YES;
				GCC_C_LANGUAGE_STANDARD = gnu17;
				GCC_DYNAMIC_NO_PIC = NO;
				GCC_NO_COMMON_BLOCKS = YES;
				GCC_OPTIMIZATION_LEVEL = 0;
				GCC_PREPROCESSOR_DEFINITIONS = (
					"DEBUG=1",
					"$(inherited)",
				);
				GCC_WARN_64_TO_32_BIT_CONVERSION = YES;
				GCC_WARN_ABOUT_RETURN_TYPE = YES_ERROR;
				GCC_WARN_UNDECLARED_SELECTOR = YES;
				GCC_WARN_UNINITIALIZED_AUTOS = YES_AGGRESSIVE;
				GCC_WARN_UNUSED_FUNCTION = YES;
				GCC_WARN_UNUSED_VARIABLE = YES;
				IPHONEOS_DEPLOYMENT_TARGET = 17.2;
				LOCALIZATION_PREFERS_STRING_CATALOGS = YES;
				MTL_ENABLE_DEBUG_INFO = INCLUDE_SOURCE;
				MTL_FAST_MATH = YES;
				ONLY_ACTIVE_ARCH = YES;
				SDKROOT = iphoneos;
				SWIFT_ACTIVE_COMPILATION_CONDITIONS = "DEBUG $(inherited)";
				SWIFT_OPTIMIZATION_LEVEL = "-Onone";
			};
			name = Debug;
		};
		8BAE841E2C3BBAD600732935 /* Release */ = {
			isa = XCBuildConfiguration;
			buildSettings = {
				ALWAYS_SEARCH_USER_PATHS = NO;
				ASSETCATALOG_COMPILER_GENERATE_SWIFT_ASSET_SYMBOL_EXTENSIONS = YES;
				CLANG_ANALYZER_NONNULL = YES;
				CLANG_ANALYZER_NUMBER_OBJECT_CONVERSION = YES_AGGRESSIVE;
				CLANG_CXX_LANGUAGE_STANDARD = "gnu++20";
				CLANG_ENABLE_MODULES = YES;
				CLANG_ENABLE_OBJC_ARC = YES;
				CLANG_ENABLE_OBJC_WEAK = YES;
				CLANG_WARN_BLOCK_CAPTURE_AUTORELEASING = YES;
				CLANG_WARN_BOOL_CONVERSION = YES;
				CLANG_WARN_COMMA = YES;
				CLANG_WARN_CONSTANT_CONVERSION = YES;
				CLANG_WARN_DEPRECATED_OBJC_IMPLEMENTATIONS = YES;
				CLANG_WARN_DIRECT_OBJC_ISA_USAGE = YES_ERROR;
				CLANG_WARN_DOCUMENTATION_COMMENTS = YES;
				CLANG_WARN_EMPTY_BODY = YES;
				CLANG_WARN_ENUM_CONVERSION = YES;
				CLANG_WARN_INFINITE_RECURSION = YES;
				CLANG_WARN_INT_CONVERSION = YES;
				CLANG_WARN_NON_LITERAL_NULL_CONVERSION = YES;
				CLANG_WARN_OBJC_IMPLICIT_RETAIN_SELF = YES;
				CLANG_WARN_OBJC_LITERAL_CONVERSION = YES;
				CLANG_WARN_OBJC_ROOT_CLASS = YES_ERROR;
				CLANG_WARN_QUOTED_INCLUDE_IN_FRAMEWORK_HEADER = YES;
				CLANG_WARN_RANGE_LOOP_ANALYSIS = YES;
				CLANG_WARN_STRICT_PROTOTYPES = YES;
				CLANG_WARN_SUSPICIOUS_MOVE = YES;
				CLANG_WARN_UNGUARDED_AVAILABILITY = YES_AGGRESSIVE;
				CLANG_WARN_UNREACHABLE_CODE = YES;
				CLANG_WARN__DUPLICATE_METHOD_MATCH = YES;
				COPY_PHASE_STRIP = NO;
				DEBUG_INFORMATION_FORMAT = "dwarf-with-dsym";
				ENABLE_NS_ASSERTIONS = NO;
				ENABLE_STRICT_OBJC_MSGSEND = YES;
				ENABLE_USER_SCRIPT_SANDBOXING = YES;
				GCC_C_LANGUAGE_STANDARD = gnu17;
				GCC_NO_COMMON_BLOCKS = YES;
				GCC_WARN_64_TO_32_BIT_CONVERSION = YES;
				GCC_WARN_ABOUT_RETURN_TYPE = YES_ERROR;
				GCC_WARN_UNDECLARED_SELECTOR = YES;
				GCC_WARN_UNINITIALIZED_AUTOS = YES_AGGRESSIVE;
				GCC_WARN_UNUSED_FUNCTION = YES;
				GCC_WARN_UNUSED_VARIABLE = YES;
				IPHONEOS_DEPLOYMENT_TARGET = 17.2;
				LOCALIZATION_PREFERS_STRING_CATALOGS = YES;
				MTL_ENABLE_DEBUG_INFO = NO;
				MTL_FAST_MATH = YES;
				SDKROOT = iphoneos;
				SWIFT_COMPILATION_MODE = wholemodule;
				VALIDATE_PRODUCT = YES;
			};
			name = Release;
		};
		8BAE84202C3BBAD600732935 /* Debug */ = {
			isa = XCBuildConfiguration;
			buildSettings = {
				ASSETCATALOG_COMPILER_APPICON_NAME = AppIcon;
				ASSETCATALOG_COMPILER_GLOBAL_ACCENT_COLOR_NAME = AccentColor;
				CODE_SIGN_STYLE = Automatic;
				CURRENT_PROJECT_VERSION = 1;
				DEVELOPMENT_ASSET_PATHS = "\"OttViewer/Preview Content\"";
				ENABLE_PREVIEWS = YES;
				GENERATE_INFOPLIST_FILE = YES;
				INFOPLIST_KEY_UIApplicationSceneManifest_Generation = YES;
				INFOPLIST_KEY_UIApplicationSupportsIndirectInputEvents = YES;
				INFOPLIST_KEY_UILaunchScreen_Generation = YES;
				INFOPLIST_KEY_UISupportedInterfaceOrientations_iPad = "UIInterfaceOrientationPortrait UIInterfaceOrientationPortraitUpsideDown UIInterfaceOrientationLandscapeLeft UIInterfaceOrientationLandscapeRight";
				INFOPLIST_KEY_UISupportedInterfaceOrientations_iPhone = "UIInterfaceOrientationPortrait UIInterfaceOrientationLandscapeLeft UIInterfaceOrientationLandscapeRight";
				LD_RUNPATH_SEARCH_PATHS = (
					"$(inherited)",
					"@executable_path/Frameworks",
				);
				MARKETING_VERSION = 1.0;
				PRODUCT_BUNDLE_IDENTIFIER = education.techit.OttViewer;
				PRODUCT_NAME = "$(TARGET_NAME)";
				SWIFT_EMIT_LOC_STRINGS = YES;
				SWIFT_VERSION = 5.0;
				TARGETED_DEVICE_FAMILY = "1,2";
			};
			name = Debug;
		};
		8BAE84212C3BBAD600732935 /* Release */ = {
			isa = XCBuildConfiguration;
			buildSettings = {
				ASSETCATALOG_COMPILER_APPICON_NAME = AppIcon;
				ASSETCATALOG_COMPILER_GLOBAL_ACCENT_COLOR_NAME = AccentColor;
				CODE_SIGN_STYLE = Automatic;
				CURRENT_PROJECT_VERSION = 1;
				DEVELOPMENT_ASSET_PATHS = "\"OttViewer/Preview Content\"";
				ENABLE_PREVIEWS = YES;
				GENERATE_INFOPLIST_FILE = YES;
				INFOPLIST_KEY_UIApplicationSceneManifest_Generation = YES;
				INFOPLIST_KEY_UIApplicationSupportsIndirectInputEvents = YES;
				INFOPLIST_KEY_UILaunchScreen_Generation = YES;
				INFOPLIST_KEY_UISupportedInterfaceOrientations_iPad = "UIInterfaceOrientationPortrait UIInterfaceOrientationPortraitUpsideDown UIInterfaceOrientationLandscapeLeft UIInterfaceOrientationLandscapeRight";
				INFOPLIST_KEY_UISupportedInterfaceOrientations_iPhone = "UIInterfaceOrientationPortrait UIInterfaceOrientationLandscapeLeft UIInterfaceOrientationLandscapeRight";
				LD_RUNPATH_SEARCH_PATHS = (
					"$(inherited)",
					"@executable_path/Frameworks",
				);
				MARKETING_VERSION = 1.0;
				PRODUCT_BUNDLE_IDENTIFIER = education.techit.OttViewer;
				PRODUCT_NAME = "$(TARGET_NAME)";
				SWIFT_EMIT_LOC_STRINGS = YES;
				SWIFT_VERSION = 5.0;
				TARGETED_DEVICE_FAMILY = "1,2";
			};
			name = Release;
		};
		8BAE84232C3BBAD600732935 /* Debug */ = {
			isa = XCBuildConfiguration;
			buildSettings = {
				ALWAYS_EMBED_SWIFT_STANDARD_LIBRARIES = YES;
				BUNDLE_LOADER = "$(TEST_HOST)";
				CODE_SIGN_STYLE = Automatic;
				CURRENT_PROJECT_VERSION = 1;
				GENERATE_INFOPLIST_FILE = YES;
				IPHONEOS_DEPLOYMENT_TARGET = 17.2;
				MARKETING_VERSION = 1.0;
				PRODUCT_BUNDLE_IDENTIFIER = education.techit.OttViewerTests;
				PRODUCT_NAME = "$(TARGET_NAME)";
				SWIFT_EMIT_LOC_STRINGS = NO;
				SWIFT_VERSION = 5.0;
				TARGETED_DEVICE_FAMILY = "1,2";
				TEST_HOST = "$(BUILT_PRODUCTS_DIR)/OttViewer.app/$(BUNDLE_EXECUTABLE_FOLDER_PATH)/OttViewer";
			};
			name = Debug;
		};
		8BAE84242C3BBAD600732935 /* Release */ = {
			isa = XCBuildConfiguration;
			buildSettings = {
				ALWAYS_EMBED_SWIFT_STANDARD_LIBRARIES = YES;
				BUNDLE_LOADER = "$(TEST_HOST)";
				CODE_SIGN_STYLE = Automatic;
				CURRENT_PROJECT_VERSION = 1;
				GENERATE_INFOPLIST_FILE = YES;
				IPHONEOS_DEPLOYMENT_TARGET = 17.2;
				MARKETING_VERSION = 1.0;
				PRODUCT_BUNDLE_IDENTIFIER = education.techit.OttViewerTests;
				PRODUCT_NAME = "$(TARGET_NAME)";
				SWIFT_EMIT_LOC_STRINGS = NO;
				SWIFT_VERSION = 5.0;
				TARGETED_DEVICE_FAMILY = "1,2";
				TEST_HOST = "$(BUILT_PRODUCTS_DIR)/OttViewer.app/$(BUNDLE_EXECUTABLE_FOLDER_PATH)/OttViewer";
			};
			name = Release;
		};
		8BAE84262C3BBAD600732935 /* Debug */ = {
			isa = XCBuildConfiguration;
			buildSettings = {
				ALWAYS_EMBED_SWIFT_STANDARD_LIBRARIES = YES;
				CODE_SIGN_STYLE = Automatic;
				CURRENT_PROJECT_VERSION = 1;
				GENERATE_INFOPLIST_FILE = YES;
				MARKETING_VERSION = 1.0;
				PRODUCT_BUNDLE_IDENTIFIER = education.techit.OttViewerUITests;
				PRODUCT_NAME = "$(TARGET_NAME)";
				SWIFT_EMIT_LOC_STRINGS = NO;
				SWIFT_VERSION = 5.0;
				TARGETED_DEVICE_FAMILY = "1,2";
				TEST_TARGET_NAME = OttViewer;
			};
			name = Debug;
		};
		8BAE84272C3BBAD600732935 /* Release */ = {
			isa = XCBuildConfiguration;
			buildSettings = {
				ALWAYS_EMBED_SWIFT_STANDARD_LIBRARIES = YES;
				CODE_SIGN_STYLE = Automatic;
				CURRENT_PROJECT_VERSION = 1;
				GENERATE_INFOPLIST_FILE = YES;
				MARKETING_VERSION = 1.0;
				PRODUCT_BUNDLE_IDENTIFIER = education.techit.OttViewerUITests;
				PRODUCT_NAME = "$(TARGET_NAME)";
				SWIFT_EMIT_LOC_STRINGS = NO;
				SWIFT_VERSION = 5.0;
				TARGETED_DEVICE_FAMILY = "1,2";
				TEST_TARGET_NAME = OttViewer;
			};
			name = Release;
		};
/* End XCBuildConfiguration section */

/* Begin XCConfigurationList section */
		8BAE83F62C3BBAD400732935 /* Build configuration list for PBXProject "OttViewer" */ = {
			isa = XCConfigurationList;
			buildConfigurations = (
				8BAE841D2C3BBAD600732935 /* Debug */,
				8BAE841E2C3BBAD600732935 /* Release */,
			);
			defaultConfigurationIsVisible = 0;
			defaultConfigurationName = Release;
		};
		8BAE841F2C3BBAD600732935 /* Build configuration list for PBXNativeTarget "OttViewer" */ = {
			isa = XCConfigurationList;
			buildConfigurations = (
				8BAE84202C3BBAD600732935 /* Debug */,
				8BAE84212C3BBAD600732935 /* Release */,
			);
			defaultConfigurationIsVisible = 0;
			defaultConfigurationName = Release;
		};
		8BAE84222C3BBAD600732935 /* Build configuration list for PBXNativeTarget "OttViewerTests" */ = {
			isa = XCConfigurationList;
			buildConfigurations = (
				8BAE84232C3BBAD600732935 /* Debug */,
				8BAE84242C3BBAD600732935 /* Release */,
			);
			defaultConfigurationIsVisible = 0;
			defaultConfigurationName = Release;
		};
		8BAE84252C3BBAD600732935 /* Build configuration list for PBXNativeTarget "OttViewerUITests" */ = {
			isa = XCConfigurationList;
			buildConfigurations = (
				8BAE84262C3BBAD600732935 /* Debug */,
				8BAE84272C3BBAD600732935 /* Release */,
			);
			defaultConfigurationIsVisible = 0;
			defaultConfigurationName = Release;
		};
/* End XCConfigurationList section */
	};
	rootObject = 8BAE83F32C3BBAD400732935 /* Project object */;
}
